
Microsoft Visual Studio Solution File, Format Version 12.00
# Visual Studio Version 16
VisualStudioVersion = 16.0.35826.135
MinimumVisualStudioVersion = 10.0.40219.1
Project("{FAE04EC0-301F-11D3-BF4B-00C04F79EFBC}") = "Module1", "Module1.csproj", "{BBB6FB7C-DA42-4BB1-837E-8D940451A7E1}"
EndProject
Global
	GlobalSection(SolutionConfigurationPlatforms) = preSolution
		Debug|Any CPU = Debug|Any CPU
		Release|Any CPU = Release|Any CPU
	EndGlobalSection
	GlobalSection(ProjectConfigurationPlatforms) = postSolution
		{BBB6FB7C-DA42-4BB1-837E-8D940451A7E1}.Debug|Any CPU.ActiveCfg = Debug|Any CPU
		{BBB6FB7C-DA42-4BB1-837E-8D940451A7E1}.Debug|Any CPU.Build.0 = Debug|Any CPU
		{BBB6FB7C-DA42-4BB1-837E-8D940451A7E1}.Release|Any CPU.ActiveCfg = Release|Any CPU
		{BBB6FB7C-DA42-4BB1-837E-8D940451A7E1}.Release|Any CPU.Build.0 = Release|Any CPU
	EndGlobalSection
	GlobalSection(SolutionProperties) = preSolution
		HideSolutionNode = FALSE
	EndGlobalSection
	GlobalSection(ExtensibilityGlobals) = postSolution
		SolutionGuid = {BF7768E6-0AC9-4691-A584-3AEFAEA67998}
	EndGlobalSection
EndGlobal
